{
  "name": "@vertig0ne/gamebot",
  "version": "1.0.0",
  "lockfileVersion": 1,
  "requires": true,
  "dependencies": {
    "@types/better-sqlite3": {
      "version": "3.1.3",
      "resolved": "https://registry.npmjs.org/@types/better-sqlite3/-/better-sqlite3-3.1.3.tgz",
      "integrity": "sha512-nnoebG2LgbK1WQ0dn7jtJ+RQJXcC/0G9oajJA7T+tKq2HrL9KzjMDKfe6sqkigg5HLH08WE4LRK3QDDYXPO1+w==",
      "requires": {
        "@types/integer": "*"
      }
    },
    "@types/integer": {
      "version": "1.0.0",
      "resolved": "https://registry.npmjs.org/@types/integer/-/integer-1.0.0.tgz",
      "integrity": "sha512-3viiRKLoSP2Qr78nMoQjkDc0fan4BgmpOyV1+1gKjE8wWXo3QQ78WItO6f9WuBf3qe3ymDYhM65oqHTOZ0rFxw=="
    },
    "async-limiter": {
      "version": "1.0.0",
      "resolved": "https://registry.npmjs.org/async-limiter/-/async-limiter-1.0.0.tgz",
      "integrity": "sha512-jp/uFnooOiO+L211eZOoSyzpOITMXx1rBITauYykG3BRYPu8h0UcxsPNB04RR5vo4Tyz3+ay17tR6JVf9qzYWg=="
    },
    "axios": {
      "version": "0.18.1",
      "resolved": "https://registry.npmjs.org/axios/-/axios-0.18.1.tgz",
      "integrity": "sha512-0BfJq4NSfQXd+SkFdrvFbG7addhYSBA2mQwISr46pD6E5iqkWg02RAs8vyTT/j0RTnoYmeXauBuSv1qKwR179g==",
      "requires": {
        "follow-redirects": "1.5.10",
        "is-buffer": "^2.0.2"
      }
    },
    "better-sqlite-pool": {
      "version": "0.1.2",
      "resolved": "https://registry.npmjs.org/better-sqlite-pool/-/better-sqlite-pool-0.1.2.tgz",
      "integrity": "sha512-IYyZ5mdPYPgHx3cA/9Xk2yE8mBPHzAmDiRVBIGAs8oYweBm+/HpkCkPE5QTb1WDkK7XzJJHBtpWUTWsF1Mt/0g==",
      "requires": {
        "@types/better-sqlite3": "^3.1.3",
        "better-sqlite3": "^4.1.1"
      }
    },
    "better-sqlite3": {
      "version": "4.2.0",
      "resolved": "https://registry.npmjs.org/better-sqlite3/-/better-sqlite3-4.2.0.tgz",
      "integrity": "sha512-m6vGein6wZWexQ+yaBSHM8MSoSJ9hU2pO+4Ap5THwS0WSro/RKDvwO9a5m1WYvMTh74snnPTVMWeUmiB12UitQ==",
      "requires": {
        "bindings": "^1.3.0",
        "integer": "^1.0.5"
      }
    },
    "bindings": {
      "version": "1.3.1",
      "resolved": "https://registry.npmjs.org/bindings/-/bindings-1.3.1.tgz",
      "integrity": "sha512-i47mqjF9UbjxJhxGf+pZ6kSxrnI3wBLlnGI2ArWJ4r0VrvDS7ZYXkprq/pLaBWYq4GM0r4zdHY+NNRqEMU7uew=="
    },
    "bufferutil": {
      "version": "4.0.0",
      "resolved": "https://registry.npmjs.org/bufferutil/-/bufferutil-4.0.0.tgz",
      "integrity": "sha512-jpnqMVLo7sqfUY2W92RC4jjj9TuiOSkjB0k43TxPcrBSntZwXUOl8Krfd3eVEdApuScpSTwYKntm/dXU2T8gnw==",
      "requires": {
        "node-gyp-build": "~3.4.0"
      }
    },
    "commander": {
      "version": "2.20.0",
      "resolved": "https://registry.npmjs.org/commander/-/commander-2.20.0.tgz",
      "integrity": "sha512-7j2y+40w61zy6YC2iRNpUe/NwhNyoXrYpHMrSunaMG64nRnaf96zO/KMQR4OyN/UnE5KLyEBnKHd4aG3rskjpQ=="
    },
    "debug": {
      "version": "3.1.0",
      "resolved": "https://registry.npmjs.org/debug/-/debug-3.1.0.tgz",
      "integrity": "sha512-OX8XqP7/1a9cqkxYw2yXss15f26NKWBpDXQd0/uK/KPqdQhxbPa994hnzjcE2VqQpDslf55723cKPUOGSmMY3g==",
      "requires": {
        "ms": "2.0.0"
      }
    },
    "discord.js": {
      "version": "11.4.2",
      "resolved": "https://registry.npmjs.org/discord.js/-/discord.js-11.4.2.tgz",
      "integrity": "sha512-MDwpu0lMFTjqomijDl1Ed9miMQe6kB4ifKdP28QZllmLv/HVOJXhatRgjS8urp/wBlOfx+qAYSXcdI5cKGYsfg==",
      "requires": {
        "long": "^4.0.0",
        "prism-media": "^0.0.3",
        "snekfetch": "^3.6.4",
        "tweetnacl": "^1.0.0",
        "ws": "^4.0.0"
      }
    },
    "dot-prop": {
      "version": "4.2.0",
      "resolved": "https://registry.npmjs.org/dot-prop/-/dot-prop-4.2.0.tgz",
      "integrity": "sha512-tUMXrxlExSW6U2EXiiKGSBVdYgtV8qlHL+C10TsW4PURY/ic+eaysnSkwB4kA/mBlCyy/IKDJ+Lc3wbWeaXtuQ==",
      "requires": {
        "is-obj": "^1.0.0"
      }
    },
    "enmap": {
      "version": "2.7.2",
      "resolved": "https://registry.npmjs.org/enmap/-/enmap-2.7.2.tgz",
      "integrity": "sha512-e+BWTANpjWyiLnF0IhNuRLXT/dJl/dMHDj66KcqN9CfaIlcyqLheTf7KmPSzJkxZH6aDDWfGnxZq0i18t2ekmg==",
      "requires": {
        "dot-prop": "^4.2.0"
      }
    },
    "enmap-sqlite": {
      "version": "2.0.5",
      "resolved": "https://registry.npmjs.org/enmap-sqlite/-/enmap-sqlite-2.0.5.tgz",
      "integrity": "sha512-4MAQYZH7xFcCUFoR4VeCV3ixRTj68ef9QqYEbMY+wTYRIoDRJNRnfXzge4K7aGSJWj3U26AAd/FzUTfI12O1Jg==",
      "requires": {
        "better-sqlite-pool": "^0.1.2"
      }
    },
    "erlpack": {
      "version": "0.1.2",
      "resolved": "https://registry.npmjs.org/erlpack/-/erlpack-0.1.2.tgz",
      "integrity": "sha1-zx9PdV0HKOvC0RsuPJK9Lag0UU4=",
      "requires": {
        "bindings": "^1.2.1",
        "nan": "^2.1.0"
      }
    },
    "ffmpeg-binaries": {
      "version": "3.2.2",
      "resolved": "https://registry.npmjs.org/ffmpeg-binaries/-/ffmpeg-binaries-3.2.2.tgz",
      "integrity": "sha1-Nw8wIO9rTbpipVGkJcY01sdaOiE="
    },
    "follow-redirects": {
      "version": "1.5.10",
      "resolved": "https://registry.npmjs.org/follow-redirects/-/follow-redirects-1.5.10.tgz",
      "integrity": "sha512-0V5l4Cizzvqt5D44aTXbFZz+FtyXV1vrDN6qrelxtfYQKW0KO0W2T/hkE8xvGa/540LkZlkaUjO4ailYTFtHVQ==",
      "requires": {
        "debug": "=3.1.0"
      }
    },
    "humanize-duration": {
      "version": "3.18.0",
      "resolved": "https://registry.npmjs.org/humanize-duration/-/humanize-duration-3.18.0.tgz",
      "integrity": "sha512-reYy4EJMqlhX13TDlgSqLYfVGKOoixoEzsSL6DBlp22dScWN8Q2eMgDF4L0q28mzbgO40rnBy3WyEUQEhfYALw=="
    },
    "integer": {
      "version": "1.0.7",
      "resolved": "https://registry.npmjs.org/integer/-/integer-1.0.7.tgz",
      "integrity": "sha512-V/HQn/gkGjY5La5r1bzOkCSwnmrk+DmiZ8jWJMiW2zwLhU9plNvOSh1jcYUHa5ee/7u6DXKjws5b2I7QPW1+Nw==",
      "requires": {
        "bindings": "^1.3.0"
      }
    },
    "is-buffer": {
      "version": "2.0.4",
      "resolved": "https://registry.npmjs.org/is-buffer/-/is-buffer-2.0.4.tgz",
      "integrity": "sha512-Kq1rokWXOPXWuaMAqZiJW4XxsmD9zGx9q4aePabbn3qCRGedtH7Cm+zV8WETitMfu1wdh+Rvd6w5egwSngUX2A=="
    },
    "is-obj": {
      "version": "1.0.1",
      "resolved": "https://registry.npmjs.org/is-obj/-/is-obj-1.0.1.tgz",
      "integrity": "sha1-PkcprB9f3gJc19g6iW2rn09n2w8="
    },
    "long": {
      "version": "4.0.0",
      "resolved": "https://registry.npmjs.org/long/-/long-4.0.0.tgz",
      "integrity": "sha512-XsP+KhQif4bjX1kbuSiySJFNAehNxgLb6hPRGJ9QsUr8ajHkuXGdrHmFUTUUXhDwVX2R5bY4JNZEwbUiMhV+MA=="
    },
    "ms": {
      "version": "2.0.0",
      "resolved": "https://registry.npmjs.org/ms/-/ms-2.0.0.tgz",
      "integrity": "sha1-VgiurfwAvmwpAd9fmGF4jeDVl8g="
    },
    "nan": {
      "version": "2.10.0",
      "resolved": "https://registry.npmjs.org/nan/-/nan-2.10.0.tgz",
      "integrity": "sha512-bAdJv7fBLhWC+/Bls0Oza+mvTaNQtP+1RyhhhvD95pgUJz6XM5IzgmxOkItJ9tkoCiplvAnXI1tNmmUD/eScyA=="
    },
    "node-gyp-build": {
      "version": "3.4.0",
      "resolved": "https://registry.npmjs.org/node-gyp-build/-/node-gyp-build-3.4.0.tgz",
      "integrity": "sha512-YoviGBJYGrPdLOKDIQB0sKxuKy/EEsxzooNkOZak4vSTKT/qH0Pa6dj3t1MJjEQGsefih61IyHDmO1WW7xOFfw=="
    },
    "node-opus": {
      "version": "0.2.9",
      "resolved": "https://registry.npmjs.org/node-opus/-/node-opus-0.2.9.tgz",
      "integrity": "sha512-+IIOdav5D7vHsuLDNk55t17kK2s6c1w4DbfKw8UQxZ635n+AO/SqDE3RpuO3PZKqpWjPtL/chzYZNVxz8/4TUQ==",
      "requires": {
        "bindings": "~1.2.1",
        "commander": "^2.9.0",
        "nan": "^2.10.0",
        "ogg-packet": "^1.0.0"
      },
      "dependencies": {
        "bindings": {
          "version": "1.2.1",
          "resolved": "https://registry.npmjs.org/bindings/-/bindings-1.2.1.tgz",
          "integrity": "sha1-FK1hE4EtLTfXLme0ystLtyZQXxE="
        }
      }
    },
    "ogg-packet": {
      "version": "1.0.1",
      "resolved": "https://registry.npmjs.org/ogg-packet/-/ogg-packet-1.0.1.tgz",
      "integrity": "sha512-dW1ok3BMnMikyXGDIgVEckWnlViW8JLWQV4qj9aN/rNRVqHlDYSlcIEtSIMH7tpuUOiIxAhY3+OxNdIOm6s17A==",
      "optional": true,
      "requires": {
        "ref-struct": "*"
      }
    },
    "prism-media": {
      "version": "0.0.3",
      "resolved": "https://registry.npmjs.org/prism-media/-/prism-media-0.0.3.tgz",
      "integrity": "sha512-c9KkNifSMU/iXT8FFTaBwBMr+rdVcN+H/uNv1o+CuFeTThNZNTOrQ+RgXA1yL/DeLk098duAeRPP3QNPNbhxYQ=="
    },
    "ref": {
      "version": "1.3.5",
      "resolved": "https://registry.npmjs.org/ref/-/ref-1.3.5.tgz",
      "integrity": "sha512-2cBCniTtxcGUjDpvFfVpw323a83/0RLSGJJY5l5lcomZWhYpU2cuLdsvYqMixvsdLJ9+sTdzEkju8J8ZHDM2nA==",
      "optional": true,
      "requires": {
        "bindings": "1",
        "debug": "2",
        "nan": "2"
      },
      "dependencies": {
        "debug": {
          "version": "2.6.9",
          "resolved": "https://registry.npmjs.org/debug/-/debug-2.6.9.tgz",
          "integrity": "sha512-bC7ElrdJaJnPbAP+1EotYvqZsb3ecl5wi6Bfi6BJTUcNowp6cvspg0jXznRTKDjm/E7AdgFBVeAPVMNcKGsHMA==",
          "optional": true,
          "requires": {
            "ms": "2.0.0"
          }
        },
        "ms": {
          "version": "2.0.0",
          "resolved": "https://registry.npmjs.org/ms/-/ms-2.0.0.tgz",
          "integrity": "sha1-VgiurfwAvmwpAd9fmGF4jeDVl8g=",
          "optional": true
        }
      }
    },
    "ref-struct": {
      "version": "1.1.0",
      "resolved": "https://registry.npmjs.org/ref-struct/-/ref-struct-1.1.0.tgz",
      "integrity": "sha1-XV7mWtQc78Olxf60BYcmHkee3BM=",
      "optional": true,
      "requires": {
        "debug": "2",
        "ref": "1"
      },
      "dependencies": {
        "debug": {
          "version": "2.6.9",
          "resolved": "https://registry.npmjs.org/debug/-/debug-2.6.9.tgz",
          "integrity": "sha512-bC7ElrdJaJnPbAP+1EotYvqZsb3ecl5wi6Bfi6BJTUcNowp6cvspg0jXznRTKDjm/E7AdgFBVeAPVMNcKGsHMA==",
          "optional": true,
          "requires": {
            "ms": "2.0.0"
          }
        },
        "ms": {
          "version": "2.0.0",
          "resolved": "https://registry.npmjs.org/ms/-/ms-2.0.0.tgz",
          "integrity": "sha1-VgiurfwAvmwpAd9fmGF4jeDVl8g=",
          "optional": true
        }
      }
    },
    "safe-buffer": {
      "version": "5.1.2",
      "resolved": "https://registry.npmjs.org/safe-buffer/-/safe-buffer-5.1.2.tgz",
      "integrity": "sha512-Gd2UZBJDkXlY7GbJxfsE8/nvKkUEU1G38c1siN6QP6a9PT9MmHB8GnpscSmMJSoF8LOIrt8ud/wPtojys4G6+g=="
    },
    "snekfetch": {
      "version": "3.6.4",
      "resolved": "https://registry.npmjs.org/snekfetch/-/snekfetch-3.6.4.tgz",
      "integrity": "sha512-NjxjITIj04Ffqid5lqr7XdgwM7X61c/Dns073Ly170bPQHLm6jkmelye/eglS++1nfTWktpP6Y2bFXjdPlQqdw=="
    },
    "string-format": {
      "version": "1.0.0",
      "resolved": "https://registry.npmjs.org/string-format/-/string-format-1.0.0.tgz",
      "integrity": "sha512-SftjZ0Ks8hiWQx+eknh6EguF8bRpj5JWQKizpQQ5ARx7vyOCeNuBv80KRfvRhmVTQyAGWvLe37cOB8L5CpkC3A=="
    },
    "tweetnacl": {
      "version": "1.0.1",
      "resolved": "https://registry.npmjs.org/tweetnacl/-/tweetnacl-1.0.1.tgz",
      "integrity": "sha512-kcoMoKTPYnoeS50tzoqjPY3Uv9axeuuFAZY9M/9zFnhoVvRfxz9K29IMPD7jGmt2c8SW7i3gT9WqDl2+nV7p4A=="
    },
    "ws": {
      "version": "4.1.0",
      "resolved": "https://registry.npmjs.org/ws/-/ws-4.1.0.tgz",
      "integrity": "sha512-ZGh/8kF9rrRNffkLFV4AzhvooEclrOH0xaugmqGsIfFgOE/pIz4fMc4Ef+5HSQqTEug2S9JZIWDR47duDSLfaA==",
      "requires": {
        "async-limiter": "~1.0.0",
        "safe-buffer": "~5.1.0"
      }
    }
  }
}
